{
    "_meta": {
        "hash": {
            "sha256": "2d32d0096294046662148240cc81363035ae73a23c8620a8faca37fbb493425e"
        },
        "pipfile-spec": 6,
        "requires": {
            "python_version": "3.13"
        },
        "sources": [
            {
                "name": "pypi",
                "url": "https://pypi.org/simple",
                "verify_ssl": true
            }
        ]
    },
    "default": {
        "aioshutil": {
            "hashes": [
                "sha256:9eae342b9a4cacc2c2c5877877a2d2f7a2b66c62aa1ab57d7e95c8cfd4ede507",
                "sha256:e0711de25ade421b70094b2a27c69bef6356127013744fec05f019f36732c1bd"
            ],
            "index": "pypi",
            "markers": "python_version >= '3.8'",
            "version": "==1.6"
        },
        "tabulate": {
            "hashes": [
                "sha256:0095b12bf5966de529c0feb1fa08671671b3368eec77d7ef7ab114be2c068b3c",
                "sha256:024ca478df22e9340661486f85298cff5f6dcdba14f3813e8830015b9ed1948f"
            ],
            "index": "pypi",
            "markers": "python_version >= '3.7'",
            "version": "==0.9.0"
        }
    },
    "develop": {}
}
